
Microsoft Visual Studio Solution File, Format Version 9.00
# Visual Studio 2005
Project("{8BC9CEB8-8B4A-11D0-8D11-00A0C91BC942}") = "SNStep", "SNStep\SNStep.vcproj", "{64F6B6F5-971F-4F76-AB86-D6317D200164}"
EndProject
Project("{8BC9CEB8-8B4A-11D0-8D11-00A0C91BC942}") = "SNFile", "SNFile\SNFile.vcproj", "{517E3849-7328-4345-8587-BAE01C8C4C5C}"
EndProject
Project("{8BC9CEB8-8B4A-11D0-8D11-00A0C91BC942}") = "SNScan", "SNScan\SNScan.vcproj", "{09917B54-4733-40F5-89A2-CF40C8F445C9}"
EndProject
Project("{8BC9CEB8-8B4A-11D0-8D11-00A0C91BC942}") = "SNDirFiles", "SNDirFiles\SNDirFiles.vcproj", "{30D264AE-7BD0-4C75-946E-CF35172F1650}"
EndProject
Project("{8BC9CEB8-8B4A-11D0-8D11-00A0C91BC942}") = "SNCustom_FC001", "SNCustom_FC001\SNCustom_FC001.vcproj", "{05EDFB2D-F7BA-4779-8730-26B01A85F6E4}"
EndProject
Project("{8BC9CEB8-8B4A-11D0-8D11-00A0C91BC942}") = "SCS_SN_Gomora_001", "SCS_SN_Gomora_001\SCS_SN_Gomora_001.vcproj", "{3C1F1CBE-C8A3-4BE0-A77A-F633293F12DA}"
EndProject
Project("{8BC9CEB8-8B4A-11D0-8D11-00A0C91BC942}") = "SCS_SN_LDXMAC_001", "SCS_SN_LDXMAC_001\SCS_SN_LDXMAC_001.vcproj", "{3128F748-452D-4703-BBE2-0207E46BF81E}"
EndProject
Project("{8BC9CEB8-8B4A-11D0-8D11-00A0C91BC942}") = "SCS_SN_THTuple_001", "SCS_SN_THTuple_001\SCS_SN_THTuple_001.vcproj", "{CE983127-D834-4404-91DE-3460624B22A7}"
EndProject
Project("{8BC9CEB8-8B4A-11D0-8D11-00A0C91BC942}") = "SCS_SN_WT2105_001", "SCS_SN_WT2105_001\SCS_SN_WT2105_001.vcproj", "{0946B751-39F0-483B-87C6-EEEC240F3388}"
EndProject
Project("{8BC9CEB8-8B4A-11D0-8D11-00A0C91BC942}") = "SCS_SN_THTuple_002", "SCS_SN_THTuple_002\SCS_SN_THTuple_002.vcproj", "{1851F0EE-FFD0-45F2-99DF-48E2C78FA98A}"
EndProject
Project("{8BC9CEB8-8B4A-11D0-8D11-00A0C91BC942}") = "SCS_SN_ID206_001", "SCS_SN_ID206_001\SCS_SN_ID206_001.vcproj", "{C3FAC76C-E48D-46FA-A496-3F5AEF9C3D9E}"
EndProject
Project("{8BC9CEB8-8B4A-11D0-8D11-00A0C91BC942}") = "SCS_SN_CKD_001", "SCS_SN_CKD_001\SCS_SN_CKD_001.vcproj", "{7C0C0B71-5C05-4824-8860-6CB8721899CC}"
EndProject
Project("{8BC9CEB8-8B4A-11D0-8D11-00A0C91BC942}") = "SCS_SN_DMT_001", "SCS_SN_DMT_001\SCS_SN_DMT_001.vcproj", "{9EACA426-0BD1-4817-B19B-73C49D5939A8}"
EndProject
Project("{8BC9CEB8-8B4A-11D0-8D11-00A0C91BC942}") = "SCS_SN_BES2500IZ_001", "SCS_SN_BES2500IZ_001\SCS_SN_BES2500IZ_001.vcproj", "{880AAADF-FEFE-47E2-9B36-783BB9D00E2C}"
EndProject
Project("{8BC9CEB8-8B4A-11D0-8D11-00A0C91BC942}") = "SCS_SN_CVTE_001", "SCS_SN_CVTE_001\SCS_SN_CVTE_001.vcproj", "{1630196D-7624-438C-AF3C-A533E2965BAA}"
EndProject
Project("{8BC9CEB8-8B4A-11D0-8D11-00A0C91BC942}") = "SCS_SN_ESP32", "SCS_SN_ESP32\SCS_SN_ESP32.vcproj", "{45750B6B-D8C2-4E79-9135-D53D5F9356DC}"
EndProject
Project("{8BC9CEB8-8B4A-11D0-8D11-00A0C91BC942}") = "SCS_SN_ESP32_002", "SCS_SN_ESP32_002\SCS_SN_ESP32_002.vcproj", "{7B7DCB73-136F-4A41-8055-49B934549C25}"
EndProject
Project("{8BC9CEB8-8B4A-11D0-8D11-00A0C91BC942}") = "SCS_SN_MIDEA", "SCS_SN_MIDEA\SCS_SN_MIDEA.vcproj", "{2DFDD264-29B2-4DE8-8102-F4EE34EA92D0}"
EndProject
Project("{8BC9CEB8-8B4A-11D0-8D11-00A0C91BC942}") = "SCS_SN_ESP_Mode", "SCS_SN_ESP_Mode\SCS_SN_ESP_Mode.vcproj", "{94BC8332-2D7E-48C8-8C77-E8674BFE0BDB}"
EndProject
Project("{8BC9CEB8-8B4A-11D0-8D11-00A0C91BC942}") = "SCS_SN_HASEAEE_001", "SCS_SN_HASEAEE_001\SCS_SN_HASEAEE_001.vcproj", "{FD83D127-BEB4-4EFD-9EEB-1362F62FD666}"
EndProject
Project("{8BC9CEB8-8B4A-11D0-8D11-00A0C91BC942}") = "SNDirFiles_VarSize", "SNDirFiles_VarSize\SNDirFiles_VarSize.vcproj", "{060AF23F-6EE4-4259-96B6-23023F6A4C34}"
EndProject
Project("{8BC9CEB8-8B4A-11D0-8D11-00A0C91BC942}") = "SNStep_Hittech001", "SNStep_Hittech001\SNStep_Hittech001.vcproj", "{497C14BC-28EE-4190-82EE-CB76BE5C3456}"
EndProject
Project("{8BC9CEB8-8B4A-11D0-8D11-00A0C91BC942}") = "SCS_SN_MB_001", "SCS_SN_MB_001\SCS_SN_MB_001.vcproj", "{F0BFDDCA-7673-4120-941F-D594ED20BE71}"
EndProject
Project("{8BC9CEB8-8B4A-11D0-8D11-00A0C91BC942}") = "SCS_SN_ZHIXIN_001", "SCS_SN_ZHIXIN_001\SCS_SN_ZHIXIN_001.vcproj", "{AC42C3AD-E146-4933-ACEC-C08A7FBCC6E9}"
EndProject
Project("{8BC9CEB8-8B4A-11D0-8D11-00A0C91BC942}") = "SN_EverCreation_001", "SCS_SN_EverCreation_001\SN_EverCreation_001.vcproj", "{F53AB33E-7A08-4187-8F15-6CFB94A867B0}"
EndProject
Global
	GlobalSection(SolutionConfigurationPlatforms) = preSolution
		Debug|Win32 = Debug|Win32
		Release|Win32 = Release|Win32
	EndGlobalSection
	GlobalSection(ProjectConfigurationPlatforms) = postSolution
		{64F6B6F5-971F-4F76-AB86-D6317D200164}.Debug|Win32.ActiveCfg = Debug|Win32
		{64F6B6F5-971F-4F76-AB86-D6317D200164}.Debug|Win32.Build.0 = Debug|Win32
		{64F6B6F5-971F-4F76-AB86-D6317D200164}.Release|Win32.ActiveCfg = Release|Win32
		{64F6B6F5-971F-4F76-AB86-D6317D200164}.Release|Win32.Build.0 = Release|Win32
		{517E3849-7328-4345-8587-BAE01C8C4C5C}.Debug|Win32.ActiveCfg = Debug|Win32
		{517E3849-7328-4345-8587-BAE01C8C4C5C}.Debug|Win32.Build.0 = Debug|Win32
		{517E3849-7328-4345-8587-BAE01C8C4C5C}.Release|Win32.ActiveCfg = Release|Win32
		{517E3849-7328-4345-8587-BAE01C8C4C5C}.Release|Win32.Build.0 = Release|Win32
		{09917B54-4733-40F5-89A2-CF40C8F445C9}.Debug|Win32.ActiveCfg = Debug|Win32
		{09917B54-4733-40F5-89A2-CF40C8F445C9}.Debug|Win32.Build.0 = Debug|Win32
		{09917B54-4733-40F5-89A2-CF40C8F445C9}.Release|Win32.ActiveCfg = Release|Win32
		{09917B54-4733-40F5-89A2-CF40C8F445C9}.Release|Win32.Build.0 = Release|Win32
		{30D264AE-7BD0-4C75-946E-CF35172F1650}.Debug|Win32.ActiveCfg = Debug|Win32
		{30D264AE-7BD0-4C75-946E-CF35172F1650}.Debug|Win32.Build.0 = Debug|Win32
		{30D264AE-7BD0-4C75-946E-CF35172F1650}.Release|Win32.ActiveCfg = Release|Win32
		{30D264AE-7BD0-4C75-946E-CF35172F1650}.Release|Win32.Build.0 = Release|Win32
		{05EDFB2D-F7BA-4779-8730-26B01A85F6E4}.Debug|Win32.ActiveCfg = Debug|Win32
		{05EDFB2D-F7BA-4779-8730-26B01A85F6E4}.Debug|Win32.Build.0 = Debug|Win32
		{05EDFB2D-F7BA-4779-8730-26B01A85F6E4}.Release|Win32.ActiveCfg = Release|Win32
		{05EDFB2D-F7BA-4779-8730-26B01A85F6E4}.Release|Win32.Build.0 = Release|Win32
		{3C1F1CBE-C8A3-4BE0-A77A-F633293F12DA}.Debug|Win32.ActiveCfg = Debug|Win32
		{3C1F1CBE-C8A3-4BE0-A77A-F633293F12DA}.Debug|Win32.Build.0 = Debug|Win32
		{3C1F1CBE-C8A3-4BE0-A77A-F633293F12DA}.Release|Win32.ActiveCfg = Release|Win32
		{3C1F1CBE-C8A3-4BE0-A77A-F633293F12DA}.Release|Win32.Build.0 = Release|Win32
		{3128F748-452D-4703-BBE2-0207E46BF81E}.Debug|Win32.ActiveCfg = Debug|Win32
		{3128F748-452D-4703-BBE2-0207E46BF81E}.Debug|Win32.Build.0 = Debug|Win32
		{3128F748-452D-4703-BBE2-0207E46BF81E}.Release|Win32.ActiveCfg = Release|Win32
		{3128F748-452D-4703-BBE2-0207E46BF81E}.Release|Win32.Build.0 = Release|Win32
		{CE983127-D834-4404-91DE-3460624B22A7}.Debug|Win32.ActiveCfg = Debug|Win32
		{CE983127-D834-4404-91DE-3460624B22A7}.Debug|Win32.Build.0 = Debug|Win32
		{CE983127-D834-4404-91DE-3460624B22A7}.Release|Win32.ActiveCfg = Release|Win32
		{CE983127-D834-4404-91DE-3460624B22A7}.Release|Win32.Build.0 = Release|Win32
		{0946B751-39F0-483B-87C6-EEEC240F3388}.Debug|Win32.ActiveCfg = Debug|Win32
		{0946B751-39F0-483B-87C6-EEEC240F3388}.Debug|Win32.Build.0 = Debug|Win32
		{0946B751-39F0-483B-87C6-EEEC240F3388}.Release|Win32.ActiveCfg = Release|Win32
		{0946B751-39F0-483B-87C6-EEEC240F3388}.Release|Win32.Build.0 = Release|Win32
		{1851F0EE-FFD0-45F2-99DF-48E2C78FA98A}.Debug|Win32.ActiveCfg = Debug|Win32
		{1851F0EE-FFD0-45F2-99DF-48E2C78FA98A}.Debug|Win32.Build.0 = Debug|Win32
		{1851F0EE-FFD0-45F2-99DF-48E2C78FA98A}.Release|Win32.ActiveCfg = Release|Win32
		{1851F0EE-FFD0-45F2-99DF-48E2C78FA98A}.Release|Win32.Build.0 = Release|Win32
		{C3FAC76C-E48D-46FA-A496-3F5AEF9C3D9E}.Debug|Win32.ActiveCfg = Debug|Win32
		{C3FAC76C-E48D-46FA-A496-3F5AEF9C3D9E}.Debug|Win32.Build.0 = Debug|Win32
		{C3FAC76C-E48D-46FA-A496-3F5AEF9C3D9E}.Release|Win32.ActiveCfg = Release|Win32
		{C3FAC76C-E48D-46FA-A496-3F5AEF9C3D9E}.Release|Win32.Build.0 = Release|Win32
		{7C0C0B71-5C05-4824-8860-6CB8721899CC}.Debug|Win32.ActiveCfg = Debug|Win32
		{7C0C0B71-5C05-4824-8860-6CB8721899CC}.Debug|Win32.Build.0 = Debug|Win32
		{7C0C0B71-5C05-4824-8860-6CB8721899CC}.Release|Win32.ActiveCfg = Release|Win32
		{7C0C0B71-5C05-4824-8860-6CB8721899CC}.Release|Win32.Build.0 = Release|Win32
		{9EACA426-0BD1-4817-B19B-73C49D5939A8}.Debug|Win32.ActiveCfg = Debug|Win32
		{9EACA426-0BD1-4817-B19B-73C49D5939A8}.Debug|Win32.Build.0 = Debug|Win32
		{9EACA426-0BD1-4817-B19B-73C49D5939A8}.Release|Win32.ActiveCfg = Release|Win32
		{9EACA426-0BD1-4817-B19B-73C49D5939A8}.Release|Win32.Build.0 = Release|Win32
		{880AAADF-FEFE-47E2-9B36-783BB9D00E2C}.Debug|Win32.ActiveCfg = Debug|Win32
		{880AAADF-FEFE-47E2-9B36-783BB9D00E2C}.Debug|Win32.Build.0 = Debug|Win32
		{880AAADF-FEFE-47E2-9B36-783BB9D00E2C}.Release|Win32.ActiveCfg = Release|Win32
		{880AAADF-FEFE-47E2-9B36-783BB9D00E2C}.Release|Win32.Build.0 = Release|Win32
		{1630196D-7624-438C-AF3C-A533E2965BAA}.Debug|Win32.ActiveCfg = Debug|Win32
		{1630196D-7624-438C-AF3C-A533E2965BAA}.Debug|Win32.Build.0 = Debug|Win32
		{1630196D-7624-438C-AF3C-A533E2965BAA}.Release|Win32.ActiveCfg = Release|Win32
		{1630196D-7624-438C-AF3C-A533E2965BAA}.Release|Win32.Build.0 = Release|Win32
		{45750B6B-D8C2-4E79-9135-D53D5F9356DC}.Debug|Win32.ActiveCfg = Debug|Win32
		{45750B6B-D8C2-4E79-9135-D53D5F9356DC}.Debug|Win32.Build.0 = Debug|Win32
		{45750B6B-D8C2-4E79-9135-D53D5F9356DC}.Release|Win32.ActiveCfg = Release|Win32
		{45750B6B-D8C2-4E79-9135-D53D5F9356DC}.Release|Win32.Build.0 = Release|Win32
		{7B7DCB73-136F-4A41-8055-49B934549C25}.Debug|Win32.ActiveCfg = Debug|Win32
		{7B7DCB73-136F-4A41-8055-49B934549C25}.Debug|Win32.Build.0 = Debug|Win32
		{7B7DCB73-136F-4A41-8055-49B934549C25}.Release|Win32.ActiveCfg = Release|Win32
		{7B7DCB73-136F-4A41-8055-49B934549C25}.Release|Win32.Build.0 = Release|Win32
		{2DFDD264-29B2-4DE8-8102-F4EE34EA92D0}.Debug|Win32.ActiveCfg = Debug|Win32
		{2DFDD264-29B2-4DE8-8102-F4EE34EA92D0}.Debug|Win32.Build.0 = Debug|Win32
		{2DFDD264-29B2-4DE8-8102-F4EE34EA92D0}.Release|Win32.ActiveCfg = Release|Win32
		{2DFDD264-29B2-4DE8-8102-F4EE34EA92D0}.Release|Win32.Build.0 = Release|Win32
		{94BC8332-2D7E-48C8-8C77-E8674BFE0BDB}.Debug|Win32.ActiveCfg = Debug|Win32
		{94BC8332-2D7E-48C8-8C77-E8674BFE0BDB}.Debug|Win32.Build.0 = Debug|Win32
		{94BC8332-2D7E-48C8-8C77-E8674BFE0BDB}.Release|Win32.ActiveCfg = Release|Win32
		{94BC8332-2D7E-48C8-8C77-E8674BFE0BDB}.Release|Win32.Build.0 = Release|Win32
		{FD83D127-BEB4-4EFD-9EEB-1362F62FD666}.Debug|Win32.ActiveCfg = Debug|Win32
		{FD83D127-BEB4-4EFD-9EEB-1362F62FD666}.Debug|Win32.Build.0 = Debug|Win32
		{FD83D127-BEB4-4EFD-9EEB-1362F62FD666}.Release|Win32.ActiveCfg = Release|Win32
		{FD83D127-BEB4-4EFD-9EEB-1362F62FD666}.Release|Win32.Build.0 = Release|Win32
		{060AF23F-6EE4-4259-96B6-23023F6A4C34}.Debug|Win32.ActiveCfg = Debug|Win32
		{060AF23F-6EE4-4259-96B6-23023F6A4C34}.Debug|Win32.Build.0 = Debug|Win32
		{060AF23F-6EE4-4259-96B6-23023F6A4C34}.Release|Win32.ActiveCfg = Release|Win32
		{060AF23F-6EE4-4259-96B6-23023F6A4C34}.Release|Win32.Build.0 = Release|Win32
		{497C14BC-28EE-4190-82EE-CB76BE5C3456}.Debug|Win32.ActiveCfg = Debug|Win32
		{497C14BC-28EE-4190-82EE-CB76BE5C3456}.Debug|Win32.Build.0 = Debug|Win32
		{497C14BC-28EE-4190-82EE-CB76BE5C3456}.Release|Win32.ActiveCfg = Release|Win32
		{497C14BC-28EE-4190-82EE-CB76BE5C3456}.Release|Win32.Build.0 = Release|Win32
		{F0BFDDCA-7673-4120-941F-D594ED20BE71}.Debug|Win32.ActiveCfg = Debug|Win32
		{F0BFDDCA-7673-4120-941F-D594ED20BE71}.Debug|Win32.Build.0 = Debug|Win32
		{F0BFDDCA-7673-4120-941F-D594ED20BE71}.Release|Win32.ActiveCfg = Release|Win32
		{F0BFDDCA-7673-4120-941F-D594ED20BE71}.Release|Win32.Build.0 = Release|Win32
		{AC42C3AD-E146-4933-ACEC-C08A7FBCC6E9}.Debug|Win32.ActiveCfg = Debug|Win32
		{AC42C3AD-E146-4933-ACEC-C08A7FBCC6E9}.Debug|Win32.Build.0 = Debug|Win32
		{AC42C3AD-E146-4933-ACEC-C08A7FBCC6E9}.Release|Win32.ActiveCfg = Release|Win32
		{AC42C3AD-E146-4933-ACEC-C08A7FBCC6E9}.Release|Win32.Build.0 = Release|Win32
		{F53AB33E-7A08-4187-8F15-6CFB94A867B0}.Debug|Win32.ActiveCfg = Debug|Win32
		{F53AB33E-7A08-4187-8F15-6CFB94A867B0}.Debug|Win32.Build.0 = Debug|Win32
		{F53AB33E-7A08-4187-8F15-6CFB94A867B0}.Release|Win32.ActiveCfg = Release|Win32
		{F53AB33E-7A08-4187-8F15-6CFB94A867B0}.Release|Win32.Build.0 = Release|Win32
	EndGlobalSection
	GlobalSection(SolutionProperties) = preSolution
		HideSolutionNode = FALSE
	EndGlobalSection
EndGlobal
